
Microsoft Visual Studio Solution File, Format Version 12.00
# Visual Studio 14
VisualStudioVersion = 14.0.25123.0
MinimumVisualStudioVersion = 10.0.40219.1
Project("{FAE04EC0-301F-11D3-BF4B-00C04F79EFBC}") = "Domain", "Domain\Domain.csproj", "{AABBF84C-7541-42E4-A831-58483A547AF7}"
EndProject
Project("{FAE04EC0-301F-11D3-BF4B-00C04F79EFBC}") = "UI", "UI\UI.csproj", "{1115DD6C-8919-4C9E-B57A-EFAF109909FC}"
EndProject
Global
	GlobalSection(SolutionConfigurationPlatforms) = preSolution
		Debug|Any CPU = Debug|Any CPU
		Release|Any CPU = Release|Any CPU
	EndGlobalSection
	GlobalSection(ProjectConfigurationPlatforms) = postSolution
		{AABBF84C-7541-42E4-A831-58483A547AF7}.Debug|Any CPU.ActiveCfg = Debug|Any CPU
		{AABBF84C-7541-42E4-A831-58483A547AF7}.Debug|Any CPU.Build.0 = Debug|Any CPU
		{AABBF84C-7541-42E4-A831-58483A547AF7}.Release|Any CPU.ActiveCfg = Release|Any CPU
		{AABBF84C-7541-42E4-A831-58483A547AF7}.Release|Any CPU.Build.0 = Release|Any CPU
		{1115DD6C-8919-4C9E-B57A-EFAF109909FC}.Debug|Any CPU.ActiveCfg = Debug|Any CPU
		{1115DD6C-8919-4C9E-B57A-EFAF109909FC}.Debug|Any CPU.Build.0 = Debug|Any CPU
		{1115DD6C-8919-4C9E-B57A-EFAF109909FC}.Release|Any CPU.ActiveCfg = Release|Any CPU
		{1115DD6C-8919-4C9E-B57A-EFAF109909FC}.Release|Any CPU.Build.0 = Release|Any CPU
	EndGlobalSection
	GlobalSection(SolutionProperties) = preSolution
		HideSolutionNode = FALSE
	EndGlobalSection
EndGlobal
